{
  "name": "@repo/tsconfig",
  "version": "0.0.0",
  "lockfileVersion": 3,
  "requires": true,
  "packages": {
    "": {
      "name": "@repo/tsconfig",
      "version": "0.0.0",
      "license": "MIT",
      "dependencies": {
        "@repo/tsconfig": "file:"
      }
    },
    "node_modules/@repo/tsconfig": {
      "resolved": "",
      "link": true
    }
  }
}
